
Microsoft Visual Studio Solution File, Format Version 12.00
Project("{FAE04EC0-301F-11D3-BF4B-00C04F79EFBC}") = "Mini Weather Journal", "Mini Weather Journal\Mini Weather Journal.csproj", "{327AC13F-D450-4D71-A1BB-C01DD12E91EB}"
EndProject
Global
	GlobalSection(SolutionConfigurationPlatforms) = preSolution
		Debug|Any CPU = Debug|Any CPU
		Release|Any CPU = Release|Any CPU
	EndGlobalSection
	GlobalSection(ProjectConfigurationPlatforms) = postSolution
		{327AC13F-D450-4D71-A1BB-C01DD12E91EB}.Debug|Any CPU.ActiveCfg = Debug|Any CPU
		{327AC13F-D450-4D71-A1BB-C01DD12E91EB}.Debug|Any CPU.Build.0 = Debug|Any CPU
		{327AC13F-D450-4D71-A1BB-C01DD12E91EB}.Release|Any CPU.ActiveCfg = Release|Any CPU
		{327AC13F-D450-4D71-A1BB-C01DD12E91EB}.Release|Any CPU.Build.0 = Release|Any CPU
	EndGlobalSection
EndGlobal
